
Microsoft Visual Studio Solution File, Format Version 12.00
# Visual Studio Version 16
VisualStudioVersion = 16.0.32407.337
MinimumVisualStudioVersion = 10.0.40219.1
Project("{FAE04EC0-301F-11D3-BF4B-00C04F79EFBC}") = "Tarea7", "Tarea7.csproj", "{A47B9593-CA5C-4294-BC5B-D14341537629}"
EndProject
Global
	GlobalSection(SolutionConfigurationPlatforms) = preSolution
		Debug|Any CPU = Debug|Any CPU
		Release|Any CPU = Release|Any CPU
	EndGlobalSection
	GlobalSection(ProjectConfigurationPlatforms) = postSolution
		{A47B9593-CA5C-4294-BC5B-D14341537629}.Debug|Any CPU.ActiveCfg = Debug|Any CPU
		{A47B9593-CA5C-4294-BC5B-D14341537629}.Debug|Any CPU.Build.0 = Debug|Any CPU
		{A47B9593-CA5C-4294-BC5B-D14341537629}.Release|Any CPU.ActiveCfg = Release|Any CPU
		{A47B9593-CA5C-4294-BC5B-D14341537629}.Release|Any CPU.Build.0 = Release|Any CPU
	EndGlobalSection
	GlobalSection(SolutionProperties) = preSolution
		HideSolutionNode = FALSE
	EndGlobalSection
	GlobalSection(ExtensibilityGlobals) = postSolution
		SolutionGuid = {F52EA273-9AAC-4937-A569-FD7BEA9EC5DF}
	EndGlobalSection
EndGlobal
