
Microsoft Visual Studio Solution File, Format Version 12.00
# Visual Studio Version 16
VisualStudioVersion = 16.0.32407.337
MinimumVisualStudioVersion = 10.0.40219.1
Project("{FAE04EC0-301F-11D3-BF4B-00C04F79EFBC}") = "Tarea  5 inciso 1", "Tarea  5 inciso 1.csproj", "{CFF7E60B-2A3B-47DE-A3C4-73C6D6AFBE0C}"
EndProject
Global
	GlobalSection(SolutionConfigurationPlatforms) = preSolution
		Debug|Any CPU = Debug|Any CPU
		Release|Any CPU = Release|Any CPU
	EndGlobalSection
	GlobalSection(ProjectConfigurationPlatforms) = postSolution
		{CFF7E60B-2A3B-47DE-A3C4-73C6D6AFBE0C}.Debug|Any CPU.ActiveCfg = Debug|Any CPU
		{CFF7E60B-2A3B-47DE-A3C4-73C6D6AFBE0C}.Debug|Any CPU.Build.0 = Debug|Any CPU
		{CFF7E60B-2A3B-47DE-A3C4-73C6D6AFBE0C}.Release|Any CPU.ActiveCfg = Release|Any CPU
		{CFF7E60B-2A3B-47DE-A3C4-73C6D6AFBE0C}.Release|Any CPU.Build.0 = Release|Any CPU
	EndGlobalSection
	GlobalSection(SolutionProperties) = preSolution
		HideSolutionNode = FALSE
	EndGlobalSection
	GlobalSection(ExtensibilityGlobals) = postSolution
		SolutionGuid = {2AD3B771-05AD-4596-88DA-DE04B51C73A5}
	EndGlobalSection
EndGlobal
